
Microsoft Visual Studio Solution File, Format Version 12.00
# Visual Studio Version 17
VisualStudioVersion = 17.14.36327.8
MinimumVisualStudioVersion = 10.0.40219.1
Project("{FAE04EC0-301F-11D3-BF4B-00C04F79EFBC}") = "yatzy-spil", "yatzy-spil.csproj", "{702041F8-DE31-4992-BD16-F5072969E200}"
EndProject
Project("{FAE04EC0-301F-11D3-BF4B-00C04F79EFBC}") = "yatzy-spil-unittest", "yatzy-spil-unittest\yatzy-spil-unittest.csproj", "{749E88E2-29F8-4E50-9B94-6011E566104A}"
EndProject
Global
	GlobalSection(SolutionConfigurationPlatforms) = preSolution
		Debug|Any CPU = Debug|Any CPU
		Release|Any CPU = Release|Any CPU
	EndGlobalSection
	GlobalSection(ProjectConfigurationPlatforms) = postSolution
		{702041F8-DE31-4992-BD16-F5072969E200}.Debug|Any CPU.ActiveCfg = Debug|Any CPU
		{702041F8-DE31-4992-BD16-F5072969E200}.Debug|Any CPU.Build.0 = Debug|Any CPU
		{702041F8-DE31-4992-BD16-F5072969E200}.Release|Any CPU.ActiveCfg = Release|Any CPU
		{702041F8-DE31-4992-BD16-F5072969E200}.Release|Any CPU.Build.0 = Release|Any CPU
		{749E88E2-29F8-4E50-9B94-6011E566104A}.Debug|Any CPU.ActiveCfg = Debug|Any CPU
		{749E88E2-29F8-4E50-9B94-6011E566104A}.Debug|Any CPU.Build.0 = Debug|Any CPU
		{749E88E2-29F8-4E50-9B94-6011E566104A}.Release|Any CPU.ActiveCfg = Release|Any CPU
		{749E88E2-29F8-4E50-9B94-6011E566104A}.Release|Any CPU.Build.0 = Release|Any CPU
	EndGlobalSection
	GlobalSection(SolutionProperties) = preSolution
		HideSolutionNode = FALSE
	EndGlobalSection
	GlobalSection(ExtensibilityGlobals) = postSolution
		SolutionGuid = {EAB2000E-BD59-46F4-839D-BCEA23D77D58}
	EndGlobalSection
EndGlobal
