
Microsoft Visual Studio Solution File, Format Version 12.00
# Visual Studio Version 17
VisualStudioVersion = 17.14.36327.8 d17.14
MinimumVisualStudioVersion = 10.0.40219.1
Project("{FAE04EC0-301F-11D3-BF4B-00C04F79EFBC}") = "Loops", "Loops\Loops.csproj", "{5ACC5F00-AE9B-414B-9A65-79CE5CEC0305}"
EndProject
Global
	GlobalSection(SolutionConfigurationPlatforms) = preSolution
		Debug|Any CPU = Debug|Any CPU
		Release|Any CPU = Release|Any CPU
	EndGlobalSection
	GlobalSection(ProjectConfigurationPlatforms) = postSolution
		{5ACC5F00-AE9B-414B-9A65-79CE5CEC0305}.Debug|Any CPU.ActiveCfg = Debug|Any CPU
		{5ACC5F00-AE9B-414B-9A65-79CE5CEC0305}.Debug|Any CPU.Build.0 = Debug|Any CPU
		{5ACC5F00-AE9B-414B-9A65-79CE5CEC0305}.Release|Any CPU.ActiveCfg = Release|Any CPU
		{5ACC5F00-AE9B-414B-9A65-79CE5CEC0305}.Release|Any CPU.Build.0 = Release|Any CPU
	EndGlobalSection
	GlobalSection(SolutionProperties) = preSolution
		HideSolutionNode = FALSE
	EndGlobalSection
	GlobalSection(ExtensibilityGlobals) = postSolution
		SolutionGuid = {C84D890B-3766-4646-ACFD-1563FC6F5B7F}
	EndGlobalSection
EndGlobal
