
Microsoft Visual Studio Solution File, Format Version 12.00
# Visual Studio Version 17
VisualStudioVersion = 17.14.36327.8 d17.14
MinimumVisualStudioVersion = 10.0.40219.1
Project("{FAE04EC0-301F-11D3-BF4B-00C04F79EFBC}") = "rat_race", "rat_race.csproj", "{C3CF8A43-FDF4-41C1-812A-02EDDFF840D8}"
EndProject
Global
	GlobalSection(SolutionConfigurationPlatforms) = preSolution
		Debug|Any CPU = Debug|Any CPU
		Release|Any CPU = Release|Any CPU
	EndGlobalSection
	GlobalSection(ProjectConfigurationPlatforms) = postSolution
		{C3CF8A43-FDF4-41C1-812A-02EDDFF840D8}.Debug|Any CPU.ActiveCfg = Debug|Any CPU
		{C3CF8A43-FDF4-41C1-812A-02EDDFF840D8}.Debug|Any CPU.Build.0 = Debug|Any CPU
		{C3CF8A43-FDF4-41C1-812A-02EDDFF840D8}.Release|Any CPU.ActiveCfg = Release|Any CPU
		{C3CF8A43-FDF4-41C1-812A-02EDDFF840D8}.Release|Any CPU.Build.0 = Release|Any CPU
	EndGlobalSection
	GlobalSection(SolutionProperties) = preSolution
		HideSolutionNode = FALSE
	EndGlobalSection
	GlobalSection(ExtensibilityGlobals) = postSolution
		SolutionGuid = {7FEACAB9-3D1C-4E1B-BC4B-DBC8E34B0B3E}
	EndGlobalSection
EndGlobal
