
Microsoft Visual Studio Solution File, Format Version 12.00
# Visual Studio Version 17
VisualStudioVersion = 17.14.36327.8 d17.14
MinimumVisualStudioVersion = 10.0.40219.1
Project("{FAE04EC0-301F-11D3-BF4B-00C04F79EFBC}") = "terningespil", "terningespil.csproj", "{B5512008-AF24-42B8-B6AB-2441127AD911}"
EndProject
Global
	GlobalSection(SolutionConfigurationPlatforms) = preSolution
		Debug|Any CPU = Debug|Any CPU
		Release|Any CPU = Release|Any CPU
	EndGlobalSection
	GlobalSection(ProjectConfigurationPlatforms) = postSolution
		{B5512008-AF24-42B8-B6AB-2441127AD911}.Debug|Any CPU.ActiveCfg = Debug|Any CPU
		{B5512008-AF24-42B8-B6AB-2441127AD911}.Debug|Any CPU.Build.0 = Debug|Any CPU
		{B5512008-AF24-42B8-B6AB-2441127AD911}.Release|Any CPU.ActiveCfg = Release|Any CPU
		{B5512008-AF24-42B8-B6AB-2441127AD911}.Release|Any CPU.Build.0 = Release|Any CPU
	EndGlobalSection
	GlobalSection(SolutionProperties) = preSolution
		HideSolutionNode = FALSE
	EndGlobalSection
	GlobalSection(ExtensibilityGlobals) = postSolution
		SolutionGuid = {B3BCD95D-5553-4D01-8B39-FF183169B809}
	EndGlobalSection
EndGlobal
